
Microsoft Visual Studio Solution File, Format Version 12.00
# Visual Studio Version 17
VisualStudioVersion = 17.9.34701.34
MinimumVisualStudioVersion = 10.0.40219.1
Project("{FAE04EC0-301F-11D3-BF4B-00C04F79EFBC}") = "ListakKL", "ListakKL\ListakKL.csproj", "{C55B7795-5C46-4DA5-9DC9-C114CDFA0582}"
EndProject
Global
	GlobalSection(SolutionConfigurationPlatforms) = preSolution
		Debug|Any CPU = Debug|Any CPU
		Release|Any CPU = Release|Any CPU
	EndGlobalSection
	GlobalSection(ProjectConfigurationPlatforms) = postSolution
		{C55B7795-5C46-4DA5-9DC9-C114CDFA0582}.Debug|Any CPU.ActiveCfg = Debug|Any CPU
		{C55B7795-5C46-4DA5-9DC9-C114CDFA0582}.Debug|Any CPU.Build.0 = Debug|Any CPU
		{C55B7795-5C46-4DA5-9DC9-C114CDFA0582}.Release|Any CPU.ActiveCfg = Release|Any CPU
		{C55B7795-5C46-4DA5-9DC9-C114CDFA0582}.Release|Any CPU.Build.0 = Release|Any CPU
	EndGlobalSection
	GlobalSection(SolutionProperties) = preSolution
		HideSolutionNode = FALSE
	EndGlobalSection
	GlobalSection(ExtensibilityGlobals) = postSolution
		SolutionGuid = {6D6C0375-9211-4537-94BC-CA682BC1D660}
	EndGlobalSection
EndGlobal
