
Microsoft Visual Studio Solution File, Format Version 12.00
# Visual Studio Version 17
VisualStudioVersion = 17.9.34701.34
MinimumVisualStudioVersion = 10.0.40219.1
Project("{FAE04EC0-301F-11D3-BF4B-00C04F79EFBC}") = "Allat_KL", "Allat_KL\Allat_KL.csproj", "{B0ACC28B-EC6C-4841-83AE-CDF12196EFD7}"
EndProject
Global
	GlobalSection(SolutionConfigurationPlatforms) = preSolution
		Debug|Any CPU = Debug|Any CPU
		Release|Any CPU = Release|Any CPU
	EndGlobalSection
	GlobalSection(ProjectConfigurationPlatforms) = postSolution
		{B0ACC28B-EC6C-4841-83AE-CDF12196EFD7}.Debug|Any CPU.ActiveCfg = Debug|Any CPU
		{B0ACC28B-EC6C-4841-83AE-CDF12196EFD7}.Debug|Any CPU.Build.0 = Debug|Any CPU
		{B0ACC28B-EC6C-4841-83AE-CDF12196EFD7}.Release|Any CPU.ActiveCfg = Release|Any CPU
		{B0ACC28B-EC6C-4841-83AE-CDF12196EFD7}.Release|Any CPU.Build.0 = Release|Any CPU
	EndGlobalSection
	GlobalSection(SolutionProperties) = preSolution
		HideSolutionNode = FALSE
	EndGlobalSection
	GlobalSection(ExtensibilityGlobals) = postSolution
		SolutionGuid = {D5081455-525B-48FF-8075-F8F7F48C56FB}
	EndGlobalSection
EndGlobal
